
Microsoft Visual Studio Solution File, Format Version 12.00
# Visual Studio Version 16
VisualStudioVersion = 16.0.30907.101
MinimumVisualStudioVersion = 10.0.40219.1
Project("{FAE04EC0-301F-11D3-BF4B-00C04F79EFBC}") = "WebSite", "WebSite\WebSite.csproj", "{F3556F0E-3956-4DEC-85B6-3CA441C605B9}"
EndProject
Global
	GlobalSection(SolutionConfigurationPlatforms) = preSolution
		Debug|Any CPU = Debug|Any CPU
		Release|Any CPU = Release|Any CPU
	EndGlobalSection
	GlobalSection(ProjectConfigurationPlatforms) = postSolution
		{F3556F0E-3956-4DEC-85B6-3CA441C605B9}.Debug|Any CPU.ActiveCfg = Debug|Any CPU
		{F3556F0E-3956-4DEC-85B6-3CA441C605B9}.Debug|Any CPU.Build.0 = Debug|Any CPU
		{F3556F0E-3956-4DEC-85B6-3CA441C605B9}.Release|Any CPU.ActiveCfg = Release|Any CPU
		{F3556F0E-3956-4DEC-85B6-3CA441C605B9}.Release|Any CPU.Build.0 = Release|Any CPU
	EndGlobalSection
	GlobalSection(SolutionProperties) = preSolution
		HideSolutionNode = FALSE
	EndGlobalSection
	GlobalSection(ExtensibilityGlobals) = postSolution
		SolutionGuid = {5D4B3222-2233-437A-9970-EEE55F6FB702}
	EndGlobalSection
EndGlobal
